
Microsoft Visual Studio Solution File, Format Version 12.00
# Visual Studio Version 16
VisualStudioVersion = 16.0.30621.155
MinimumVisualStudioVersion = 10.0.40219.1
Project("{FAE04EC0-301F-11D3-BF4B-00C04F79EFBC}") = "Platform Game", "Platform Game\Platform Game.csproj", "{594D3DA6-1782-4E93-AD0E-355C649F11BA}"
EndProject
Global
	GlobalSection(SolutionConfigurationPlatforms) = preSolution
		Debug|Any CPU = Debug|Any CPU
		Release|Any CPU = Release|Any CPU
	EndGlobalSection
	GlobalSection(ProjectConfigurationPlatforms) = postSolution
		{594D3DA6-1782-4E93-AD0E-355C649F11BA}.Debug|Any CPU.ActiveCfg = Debug|Any CPU
		{594D3DA6-1782-4E93-AD0E-355C649F11BA}.Debug|Any CPU.Build.0 = Debug|Any CPU
		{594D3DA6-1782-4E93-AD0E-355C649F11BA}.Release|Any CPU.ActiveCfg = Release|Any CPU
		{594D3DA6-1782-4E93-AD0E-355C649F11BA}.Release|Any CPU.Build.0 = Release|Any CPU
	EndGlobalSection
	GlobalSection(SolutionProperties) = preSolution
		HideSolutionNode = FALSE
	EndGlobalSection
	GlobalSection(ExtensibilityGlobals) = postSolution
		SolutionGuid = {7D822491-82E0-495E-A486-03460C714ECE}
	EndGlobalSection
EndGlobal
